
Microsoft Visual Studio Solution File, Format Version 12.00
# Visual Studio 15
VisualStudioVersion = 15.0.27130.2027
MinimumVisualStudioVersion = 10.0.40219.1
Project("{FAE04EC0-301F-11D3-BF4B-00C04F79EFBC}") = "AYD1_Practica3", "AYD1_Practica3\AYD1_Practica3.csproj", "{9DEDC1FE-654A-403C-8812-59EDC3657C41}"
EndProject
Project("{FAE04EC0-301F-11D3-BF4B-00C04F79EFBC}") = "AYD1_Practica3.Tests", "AYD1_Practica3.Tests\AYD1_Practica3.Tests.csproj", "{46BB0595-29F9-4874-8512-08EDBECC6BDE}"
EndProject
Global
	GlobalSection(SolutionConfigurationPlatforms) = preSolution
		Debug|Any CPU = Debug|Any CPU
		Release|Any CPU = Release|Any CPU
	EndGlobalSection
	GlobalSection(ProjectConfigurationPlatforms) = postSolution
		{9DEDC1FE-654A-403C-8812-59EDC3657C41}.Debug|Any CPU.ActiveCfg = Debug|Any CPU
		{9DEDC1FE-654A-403C-8812-59EDC3657C41}.Debug|Any CPU.Build.0 = Debug|Any CPU
		{9DEDC1FE-654A-403C-8812-59EDC3657C41}.Release|Any CPU.ActiveCfg = Release|Any CPU
		{9DEDC1FE-654A-403C-8812-59EDC3657C41}.Release|Any CPU.Build.0 = Release|Any CPU
		{46BB0595-29F9-4874-8512-08EDBECC6BDE}.Debug|Any CPU.ActiveCfg = Debug|Any CPU
		{46BB0595-29F9-4874-8512-08EDBECC6BDE}.Debug|Any CPU.Build.0 = Debug|Any CPU
		{46BB0595-29F9-4874-8512-08EDBECC6BDE}.Release|Any CPU.ActiveCfg = Release|Any CPU
		{46BB0595-29F9-4874-8512-08EDBECC6BDE}.Release|Any CPU.Build.0 = Release|Any CPU
	EndGlobalSection
	GlobalSection(SolutionProperties) = preSolution
		HideSolutionNode = FALSE
	EndGlobalSection
	GlobalSection(ExtensibilityGlobals) = postSolution
		SolutionGuid = {AE508ADF-9AF7-4635-8453-F3FC6C985EF2}
	EndGlobalSection
EndGlobal
